{
    "name": "webrat-v2",
    "lockfileVersion": 3,
    "requires": true,
    "packages": {
        "": {
            "name": "webrat-v2",
            "dependencies": {
                "react-hook-form": "^7.56.4"
            }
        },
        "node_modules/react": {
            "version": "19.2.4",
            "resolved": "https://registry.npmjs.org/react/-/react-19.2.4.tgz",
            "integrity": "sha512-9nfp2hYpCwOjAN+8TZFGhtWEwgvWHXqESH8qT89AT/lWklpLON22Lc8pEtnpsZz7VmawabSU0gCjnj8aC0euHQ==",
            "license": "MIT",
            "peer": true,
            "engines": {
                "node": ">=0.10.0"
            }
        },
        "node_modules/react-hook-form": {
            "version": "7.56.4",
            "resolved": "https://registry.npmjs.org/react-hook-form/-/react-hook-form-7.56.4.tgz",
            "integrity": "sha512-Rob7Ftz2vyZ/ZGsQZPaRdIefkgOSrQSPXfqBdvOPwJfoGnjwRJUs7EM7Kc1mcoDv3NOtqBzPGbcMB8CGn9CKgw==",
            "license": "MIT",
            "engines": {
                "node": ">=18.0.0"
            },
            "funding": {
                "type": "opencollective",
                "url": "https://opencollective.com/react-hook-form"
            },
            "peerDependencies": {
                "react": "^16.8.0 || ^17 || ^18 || ^19"
            }
        }
    }
}
